
Microsoft Visual Studio Solution File, Format Version 12.00
# Visual Studio 15
VisualStudioVersion = 15.0.27428.2015
MinimumVisualStudioVersion = 10.0.40219.1
Project("{9A19103F-16F7-4668-BE54-9A1E7A4F7556}") = "Odonto.WebApp", "Odonto.App\Odonto.WebApp.csproj", "{85599D36-0A3E-4032-AE5C-5A55DCFBA174}"
EndProject
Project("{9A19103F-16F7-4668-BE54-9A1E7A4F7556}") = "Odonto.Core", "Odonto.Core\Odonto.Core.csproj", "{9474DC04-391C-4D5F-A46D-27DC70F79032}"
EndProject
Project("{9A19103F-16F7-4668-BE54-9A1E7A4F7556}") = "Odonto.Data", "Odonto.Data\Odonto.Data.csproj", "{79ECA87F-82B6-4A46-A9CE-50FF62CEA926}"
EndProject
Global
	GlobalSection(SolutionConfigurationPlatforms) = preSolution
		Debug|Any CPU = Debug|Any CPU
		Release|Any CPU = Release|Any CPU
	EndGlobalSection
	GlobalSection(ProjectConfigurationPlatforms) = postSolution
		{85599D36-0A3E-4032-AE5C-5A55DCFBA174}.Debug|Any CPU.ActiveCfg = Debug|Any CPU
		{85599D36-0A3E-4032-AE5C-5A55DCFBA174}.Debug|Any CPU.Build.0 = Debug|Any CPU
		{85599D36-0A3E-4032-AE5C-5A55DCFBA174}.Release|Any CPU.ActiveCfg = Release|Any CPU
		{85599D36-0A3E-4032-AE5C-5A55DCFBA174}.Release|Any CPU.Build.0 = Release|Any CPU
		{9474DC04-391C-4D5F-A46D-27DC70F79032}.Debug|Any CPU.ActiveCfg = Debug|Any CPU
		{9474DC04-391C-4D5F-A46D-27DC70F79032}.Debug|Any CPU.Build.0 = Debug|Any CPU
		{9474DC04-391C-4D5F-A46D-27DC70F79032}.Release|Any CPU.ActiveCfg = Release|Any CPU
		{9474DC04-391C-4D5F-A46D-27DC70F79032}.Release|Any CPU.Build.0 = Release|Any CPU
		{79ECA87F-82B6-4A46-A9CE-50FF62CEA926}.Debug|Any CPU.ActiveCfg = Debug|Any CPU
		{79ECA87F-82B6-4A46-A9CE-50FF62CEA926}.Debug|Any CPU.Build.0 = Debug|Any CPU
		{79ECA87F-82B6-4A46-A9CE-50FF62CEA926}.Release|Any CPU.ActiveCfg = Release|Any CPU
		{79ECA87F-82B6-4A46-A9CE-50FF62CEA926}.Release|Any CPU.Build.0 = Release|Any CPU
	EndGlobalSection
	GlobalSection(SolutionProperties) = preSolution
		HideSolutionNode = FALSE
	EndGlobalSection
	GlobalSection(ExtensibilityGlobals) = postSolution
		SolutionGuid = {55EE5720-2C14-4F3C-BD85-F5ED094FEFC8}
	EndGlobalSection
EndGlobal
